PODS:
  - AFNetworking (4.0.1):
    - AFNetworking/NSURLSession (= 4.0.1)
    - AFNetworking/Reachability (= 4.0.1)
    - AFNetworking/Security (= 4.0.1)
    - AFNetworking/Serialization (= 4.0.1)
    - AFNetworking/UIKit (= 4.0.1)
  - AFNetworking/NSURLSession (4.0.1):
    - AFNetworking/Reachability
    - AFNetworking/Security
    - AFNetworking/Serialization
  - AFNetworking/Reachability (4.0.1)
  - AFNetworking/Security (4.0.1)
  - AFNetworking/Serialization (4.0.1)
  - AFNetworking/UIKit (4.0.1):
    - AFNetworking/NSURLSession
  - OSSSpeechKit (0.3.2)

DEPENDENCIES:
  - AFNetworking (~> 4.0)
  - OSSSpeechKit

SPEC REPOS:
  trunk:
    - AFNetworking
    - OSSSpeechKit

SPEC CHECKSUMS:
  AFNetworking: 7864c38297c79aaca1500c33288e429c3451fdce
  OSSSpeechKit: d16c1a0b7d25ed23c7d05397ea168037d701e3fc

PODFILE CHECKSUM: 1baddaf0394f8c20b7310cb5248e7032012b30ed

COCOAPODS: 1.11.2
